// !$*UTF8*$!
{
	archiveVersion = 1;
	classes = {
	};
	objectVersion = 46;
	objects = {

/* Begin PBXBuildFile section */
		6BB3ACD71F06365400418907 /* AppDelegate.swift in Sources */ = {isa = PBXBuildFile; fileRef = 6BB3ACD61F06365400418907 /* AppDelegate.swift */; };
		6BB3ACD91F06365400418907 /* ViewController.swift in Sources */ = {isa = PBXBuildFile; fileRef = 6BB3ACD81F06365400418907 /* ViewController.swift */; };
		6BB3ACDC1F06365400418907 /* Main.storyboard in Resources */ = {isa = PBXBuildFile; fileRef = 6BB3ACDA1F06365400418907 /* Main.storyboard */; };
		6BB3ACDE1F06365400418907 /* Assets.xcassets in Resources */ = {isa = PBXBuildFile; fileRef = 6BB3ACDD1F06365400418907 /* Assets.xcassets */; };
		6BB3ACE11F06365400418907 /* LaunchScreen.storyboard in Resources */ = {isa = PBXBuildFile; fileRef = 6BB3ACDF1F06365400418907 /* LaunchScreen.storyboard */; };
		6BB3ACEC1F06365400418907 /* TaskTests.swift in Sources */ = {isa = PBXBuildFile; fileRef = 6BB3ACEB1F06365400418907 /* TaskTests.swift */; };
		6BB3ACF71F06371E00418907 /* MapViewController.swift in Sources */ = {isa = PBXBuildFile; fileRef = 6BB3ACF61F06371E00418907 /* MapViewController.swift */; };
		6BB3ACF91F06390800418907 /* displayViewController.swift in Sources */ = {isa = PBXBuildFile; fileRef = 6BB3ACF81F06390800418907 /* displayViewController.swift */; };
		6BB3ACFB1F0639B600418907 /* NewTableViewCell.swift in Sources */ = {isa = PBXBuildFile; fileRef = 6BB3ACFA1F0639B600418907 /* NewTableViewCell.swift */; };
/* End PBXBuildFile section */

/* Begin PBXContainerItemProxy section */
		6BB3ACE81F06365400418907 /* PBXContainerItemProxy */ = {
			isa = PBXContainerItemProxy;
			containerPortal = 6BB3ACCB1F06365400418907 /* Project object */;
			proxyType = 1;
			remoteGlobalIDString = 6BB3ACD21F06365400418907;
			remoteInfo = Task;
		};
/* End PBXContainerItemProxy section */

/* Begin PBXFileReference section */
		6BB3ACD31F06365400418907 /* Task.app */ = {isa = PBXFileReference; explicitFileType = wrapper.application; includeInIndex = 0; path = Task.app; sourceTree = BUILT_PRODUCTS_DIR; };
		6BB3ACD61F06365400418907 /* AppDelegate.swift */ = {isa = PBXFileReference; lastKnownFileType = sourcecode.swift; path = AppDelegate.swift; sourceTree = "<group>"; };
		6BB3ACD81F06365400418907 /* ViewController.swift */ = {isa = PBXFileReference; lastKnownFileType = sourcecode.swift; path = ViewController.swift; sourceTree = "<group>"; };
		6BB3ACDB1F06365400418907 /* Base */ = {isa = PBXFileReference; lastKnownFileType = file.storyboard; name = Base; path = Base.lproj/Main.storyboard; sourceTree = "<group>"; };
		6BB3ACDD1F06365400418907 /* Assets.xcassets */ = {isa = PBXFileReference; lastKnownFileType = folder.assetcatalog; path = Assets.xcassets; sourceTree = "<group>"; };
		6BB3ACE01F06365400418907 /* Base */ = {isa = PBXFileReference; lastKnownFileType = file.storyboard; name = Base; path = Base.lproj/LaunchScreen.storyboard; sourceTree = "<group>"; };
		6BB3ACE21F06365400418907 /* Info.plist */ = {isa = PBXFileReference; lastKnownFileType = text.plist.xml; path = Info.plist; sourceTree = "<group>"; };
		6BB3ACE71F06365400418907 /* TaskTests.xctest */ = {isa = PBXFileReference; explicitFileType = wrapper.cfbundle; includeInIndex = 0; path = TaskTests.xctest; sourceTree = BUILT_PRODUCTS_DIR; };
		6BB3ACEB1F06365400418907 /* TaskTests.swift */ = {isa = PBXFileReference; lastKnownFileType = sourcecode.swift; path = TaskTests.swift; sourceTree = "<group>"; };
		6BB3ACED1F06365400418907 /* Info.plist */ = {isa = PBXFileReference; lastKnownFileType = text.plist.xml; path = Info.plist; sourceTree = "<group>"; };
		6BB3ACF61F06371E00418907 /* MapViewController.swift */ = {isa = PBXFileReference; fileEncoding = 4; lastKnownFileType = sourcecode.swift; path = MapViewController.swift; sourceTree = "<group>"; };
		6BB3ACF81F06390800418907 /* displayViewController.swift */ = {isa = PBXFileReference; fileEncoding = 4; lastKnownFileType = sourcecode.swift; path = displayViewController.swift; sourceTree = "<group>"; };
		6BB3ACFA1F0639B600418907 /* NewTableViewCell.swift */ = {isa = PBXFileReference; fileEncoding = 4; lastKnownFileType = sourcecode.swift; path = NewTableViewCell.swift; sourceTree = "<group>"; };
/* End PBXFileReference section */

/* Begin PBXFrameworksBuildPhase section */
		6BB3ACD01F06365400418907 /* Frameworks */ = {
			isa = PBXFrameworksBuildPhase;
			buildActionMask = 2147483647;
			files = (
			);
			runOnlyForDeploymentPostprocessing = 0;
		};
		6BB3ACE41F06365400418907 /* Frameworks */ = {
			isa = PBXFrameworksBuildPhase;
			buildActionMask = 2147483647;
			files = (
			);
			runOnlyForDeploymentPostprocessing = 0;
		};
/* End PBXFrameworksBuildPhase section */

/* Begin PBXGroup section */
		6BB3ACCA1F06365400418907 = {
			isa = PBXGroup;
			children = (
				6BB3ACD51F06365400418907 /* Task */,
				6BB3ACEA1F06365400418907 /* TaskTests */,
				6BB3ACD41F06365400418907 /* Products */,
			);
			sourceTree = "<group>";
		};
		6BB3ACD41F06365400418907 /* Products */ = {
			isa = PBXGroup;
			children = (
				6BB3ACD31F06365400418907 /* Task.app */,
				6BB3ACE71F06365400418907 /* TaskTests.xctest */,
			);
			name = Products;
			sourceTree = "<group>";
		};
		6BB3ACD51F06365400418907 /* Task */ = {
			isa = PBXGroup;
			children = (
				6BB3ACD61F06365400418907 /* AppDelegate.swift */,
				6BB3ACD81F06365400418907 /* ViewController.swift */,
				6BB3ACDA1F06365400418907 /* Main.storyboard */,
				6BB3ACFA1F0639B600418907 /* NewTableViewCell.swift */,
				6BB3ACF81F06390800418907 /* displayViewController.swift */,
				6BB3ACF61F06371E00418907 /* MapViewController.swift */,
				6BB3ACDD1F06365400418907 /* Assets.xcassets */,
				6BB3ACDF1F06365400418907 /* LaunchScreen.storyboard */,
				6BB3ACE21F06365400418907 /* Info.plist */,
			);
			path = Task;
			sourceTree = "<group>";
		};
		6BB3ACEA1F06365400418907 /* TaskTests */ = {
			isa = PBXGroup;
			children = (
				6BB3ACEB1F06365400418907 /* TaskTests.swift */,
				6BB3ACED1F06365400418907 /* Info.plist */,
			);
			path = TaskTests;
			sourceTree = "<group>";
		};
/* End PBXGroup section */

/* Begin PBXNativeTarget section */
		6BB3ACD21F06365400418907 /* Task */ = {
			isa = PBXNativeTarget;
			buildConfigurationList = 6BB3ACF01F06365400418907 /* Build configuration list for PBXNativeTarget "Task" */;
			buildPhases = (
				6BB3ACCF1F06365400418907 /* Sources */,
				6BB3ACD01F06365400418907 /* Frameworks */,
				6BB3ACD11F06365400418907 /* Resources */,
			);
			buildRules = (
			);
			dependencies = (
			);
			name = Task;
			productName = Task;
			productReference = 6BB3ACD31F06365400418907 /* Task.app */;
			productType = "com.apple.product-type.application";
		};
		6BB3ACE61F06365400418907 /* TaskTests */ = {
			isa = PBXNativeTarget;
			buildConfigurationList = 6BB3ACF31F06365400418907 /* Build configuration list for PBXNativeTarget "TaskTests" */;
			buildPhases = (
				6BB3ACE31F06365400418907 /* Sources */,
				6BB3ACE41F06365400418907 /* Frameworks */,
				6BB3ACE51F06365400418907 /* Resources */,
			);
			buildRules = (
			);
			dependencies = (
				6BB3ACE91F06365400418907 /* PBXTargetDependency */,
			);
			name = TaskTests;
			productName = TaskTests;
			productReference = 6BB3ACE71F06365400418907 /* TaskTests.xctest */;
			productType = "com.apple.product-type.bundle.unit-test";
		};
/* End PBXNativeTarget section */

/* Begin PBXProject section */
		6BB3ACCB1F06365400418907 /* Project object */ = {
			isa = PBXProject;
			attributes = {
				LastSwiftUpdateCheck = 0820;
				LastUpgradeCheck = 0820;
				ORGANIZATIONNAME = mobileFirst;
				TargetAttributes = {
					6BB3ACD21F06365400418907 = {
						CreatedOnToolsVersion = 8.2;
						ProvisioningStyle = Automatic;
					};
					6BB3ACE61F06365400418907 = {
						CreatedOnToolsVersion = 8.2;
						ProvisioningStyle = Automatic;
						TestTargetID = 6BB3ACD21F06365400418907;
					};
				};
			};
			buildConfigurationList = 6BB3ACCE1F06365400418907 /* Build configuration list for PBXProject "Task" */;
			compatibilityVersion = "Xcode 3.2";
			developmentRegion = English;
			hasScannedForEncodings = 0;
			knownRegions = (
				en,
				Base,
			);
			mainGroup = 6BB3ACCA1F06365400418907;
			productRefGroup = 6BB3ACD41F06365400418907 /* Products */;
			projectDirPath = "";
			projectRoot = "";
			targets = (
				6BB3ACD21F06365400418907 /* Task */,
				6BB3ACE61F06365400418907 /* TaskTests */,
			);
		};
/* End PBXProject section */

/* Begin PBXResourcesBuildPhase section */
		6BB3ACD11F06365400418907 /* Resources */ = {
			isa = PBXResourcesBuildPhase;
			buildActionMask = 2147483647;
			files = (
				6BB3ACE11F06365400418907 /* LaunchScreen.storyboard in Resources */,
				6BB3ACDE1F06365400418907 /* Assets.xcassets in Resources */,
				6BB3ACDC1F06365400418907 /* Main.storyboard in Resources */,
			);
			runOnlyForDeploymentPostprocessing = 0;
		};
		6BB3ACE51F06365400418907 /* Resources */ = {
			isa = PBXResourcesBuildPhase;
			buildActionMask = 2147483647;
			files = (
			);
			runOnlyForDeploymentPostprocessing = 0;
		};
/* End PBXResourcesBuildPhase section */

/* Begin PBXSourcesBuildPhase section */
		6BB3ACCF1F06365400418907 /* Sources */ = {
			isa = PBXSourcesBuildPhase;
			buildActionMask = 2147483647;
			files = (
				6BB3ACD91F06365400418907 /* ViewController.swift in Sources */,
				6BB3ACFB1F0639B600418907 /* NewTableViewCell.swift in Sources */,
				6BB3ACF71F06371E00418907 /* MapViewController.swift in Sources */,
				6BB3ACD71F06365400418907 /* AppDelegate.swift in Sources */,
				6BB3ACF91F06390800418907 /* displayViewController.swift in Sources */,
			);
			runOnlyForDeploymentPostprocessing = 0;
		};
		6BB3ACE31F06365400418907 /* Sources */ = {
			isa = PBXSourcesBuildPhase;
			buildActionMask = 2147483647;
			files = (
				6BB3ACEC1F06365400418907 /* TaskTests.swift in Sources */,
			);
			runOnlyForDeploymentPostprocessing = 0;
		};
/* End PBXSourcesBuildPhase section */

/* Begin PBXTargetDependency section */
		6BB3ACE91F06365400418907 /* PBXTargetDependency */ = {
			isa = PBXTargetDependency;
			target = 6BB3ACD21F06365400418907 /* Task */;
			targetProxy = 6BB3ACE81F06365400418907 /* PBXContainerItemProxy */;
		};
/* End PBXTargetDependency section */

/* Begin PBXVariantGroup section */
		6BB3ACDA1F06365400418907 /* Main.storyboard */ = {
			isa = PBXVariantGroup;
			children = (
				6BB3ACDB1F06365400418907 /* Base */,
			);
			name = Main.storyboard;
			sourceTree = "<group>";
		};
		6BB3ACDF1F06365400418907 /* LaunchScreen.storyboard */ = {
			isa = PBXVariantGroup;
			children = (
				6BB3ACE01F06365400418907 /* Base */,
			);
			name = LaunchScreen.storyboard;
			sourceTree = "<group>";
		};
/* End PBXVariantGroup section */

/* Begin XCBuildConfiguration section */
		6BB3ACEE1F06365400418907 /* Debug */ = {
			isa = XCBuildConfiguration;
			buildSettings = {
				ALWAYS_SEARCH_USER_PATHS = NO;
				CLANG_ANALYZER_NONNULL = YES;
				CLANG_CXX_LANGUAGE_STANDARD = "gnu++0x";
				CLANG_CXX_LIBRARY = "libc++";
				CLANG_ENABLE_MODULES = YES;
				CLANG_ENABLE_OBJC_ARC = YES;
				CLANG_WARN_BOOL_CONVERSION = YES;
				CLANG_WARN_CONSTANT_CONVERSION = YES;
				CLANG_WARN_DIRECT_OBJC_ISA_USAGE = YES_ERROR;
				CLANG_WARN_DOCUMENTATION_COMMENTS = YES;
				CLANG_WARN_EMPTY_BODY = YES;
				CLANG_WARN_ENUM_CONVERSION = YES;
				CLANG_WARN_INFINITE_RECURSION = YES;
				CLANG_WARN_INT_CONVERSION = YES;
				CLANG_WARN_OBJC_ROOT_CLASS = YES_ERROR;
				CLANG_WARN_SUSPICIOUS_MOVE = YES;
				CLANG_WARN_UNREACHABLE_CODE = YES;
				CLANG_WARN__DUPLICATE_METHOD_MATCH = YES;
				"CODE_SIGN_IDENTITY[sdk=iphoneos*]" = "iPhone Developer";
				COPY_PHASE_STRIP = NO;
				DEBUG_INFORMATION_FORMAT = dwarf;
				ENABLE_STRICT_OBJC_MSGSEND = YES;
				ENABLE_TESTABILITY = YES;
				GCC_C_LANGUAGE_STANDARD = gnu99;
				GCC_DYNAMIC_NO_PIC = NO;
				GCC_NO_COMMON_BLOCKS = YES;
				GCC_OPTIMIZATION_LEVEL = 0;
				GCC_PREPROCESSOR_DEFINITIONS = (
					"DEBUG=1",
					"$(inherited)",
				);
				GCC_WARN_64_TO_32_BIT_CONVERSION = YES;
				GCC_WARN_ABOUT_RETURN_TYPE = YES_ERROR;
				GCC_WARN_UNDECLARED_SELECTOR = YES;
				GCC_WARN_UNINITIALIZED_AUTOS = YES_AGGRESSIVE;
				GCC_WARN_UNUSED_FUNCTION = YES;
				GCC_WARN_UNUSED_VARIABLE = YES;
				IPHONEOS_DEPLOYMENT_TARGET = 10.2;
				MTL_ENABLE_DEBUG_INFO = YES;
				ONLY_ACTIVE_ARCH = YES;
				SDKROOT = iphoneos;
				SWIFT_ACTIVE_COMPILATION_CONDITIONS = DEBUG;
				SWIFT_OPTIMIZATION_LEVEL = "-Onone";
			};
			name = Debug;
		};
		6BB3ACEF1F06365400418907 /* Release */ = {
			isa = XCBuildConfiguration;
			buildSettings = {
				ALWAYS_SEARCH_USER_PATHS = NO;
				CLANG_ANALYZER_NONNULL = YES;
				CLANG_CXX_LANGUAGE_STANDARD = "gnu++0x";
				CLANG_CXX_LIBRARY = "libc++";
				CLANG_ENABLE_MODULES = YES;
				CLANG_ENABLE_OBJC_ARC = YES;
				CLANG_WARN_BOOL_CONVERSION = YES;
				CLANG_WARN_CONSTANT_CONVERSION = YES;
				CLANG_WARN_DIRECT_OBJC_ISA_USAGE = YES_ERROR;
				CLANG_WARN_DOCUMENTATION_COMMENTS = YES;
				CLANG_WARN_EMPTY_BODY = YES;
				CLANG_WARN_ENUM_CONVERSION = YES;
				CLANG_WARN_INFINITE_RECURSION = YES;
				CLANG_WARN_INT_CONVERSION = YES;
				CLANG_WARN_OBJC_ROOT_CLASS = YES_ERROR;
				CLANG_WARN_SUSPICIOUS_MOVE = YES;
				CLANG_WARN_UNREACHABLE_CODE = YES;
				CLANG_WARN__DUPLICATE_METHOD_MATCH = YES;
				"CODE_SIGN_IDENTITY[sdk=iphoneos*]" = "iPhone Developer";
				COPY_PHASE_STRIP = NO;
				DEBUG_INFORMATION_FORMAT = "dwarf-with-dsym";
				ENABLE_NS_ASSERTIONS = NO;
				ENABLE_STRICT_OBJC_MSGSEND = YES;
				GCC_C_LANGUAGE_STANDARD = gnu99;
				GCC_NO_COMMON_BLOCKS = YES;
				GCC_WARN_64_TO_32_BIT_CONVERSION = YES;
				GCC_WARN_ABOUT_RETURN_TYPE = YES_ERROR;
				GCC_WARN_UNDECLARED_SELECTOR = YES;
				GCC_WARN_UNINITIALIZED_AUTOS = YES_AGGRESSIVE;
				GCC_WARN_UNUSED_FUNCTION = YES;
				GCC_WARN_UNUSED_VARIABLE = YES;
				IPHONEOS_DEPLOYMENT_TARGET = 10.2;
				MTL_ENABLE_DEBUG_INFO = NO;
				SDKROOT = iphoneos;
				SWIFT_OPTIMIZATION_LEVEL = "-Owholemodule";
				VALIDATE_PRODUCT = YES;
			};
			name = Release;
		};
		6BB3ACF11F06365400418907 /* Debug */ = {
			isa = XCBuildConfiguration;
			buildSettings = {
				ASSETCATALOG_COMPILER_APPICON_NAME = AppIcon;
				INFOPLIST_FILE = Task/Info.plist;
				LD_RUNPATH_SEARCH_PATHS = "$(inherited) @executable_path/Frameworks";
				PRODUCT_BUNDLE_IDENTIFIER = mobileFirst.Task;
				PRODUCT_NAME = "$(TARGET_NAME)";
				SWIFT_VERSION = 3.0;
			};
			name = Debug;
		};
		6BB3ACF21F06365400418907 /* Release */ = {
			isa = XCBuildConfiguration;
			buildSettings = {
				ASSETCATALOG_COMPILER_APPICON_NAME = AppIcon;
				INFOPLIST_FILE = Task/Info.plist;
				LD_RUNPATH_SEARCH_PATHS = "$(inherited) @executable_path/Frameworks";
				PRODUCT_BUNDLE_IDENTIFIER = mobileFirst.Task;
				PRODUCT_NAME = "$(TARGET_NAME)";
				SWIFT_VERSION = 3.0;
			};
			name = Release;
		};
		6BB3ACF41F06365400418907 /* Debug */ = {
			isa = XCBuildConfiguration;
			buildSettings = {
				ALWAYS_EMBED_SWIFT_STANDARD_LIBRARIES = YES;
				BUNDLE_LOADER = "$(TEST_HOST)";
				INFOPLIST_FILE = TaskTests/Info.plist;
				LD_RUNPATH_SEARCH_PATHS = "$(inherited) @executable_path/Frameworks @loader_path/Frameworks";
				PRODUCT_BUNDLE_IDENTIFIER = mobileFirst.TaskTests;
				PRODUCT_NAME = "$(TARGET_NAME)";
				SWIFT_VERSION = 3.0;
				TEST_HOST = "$(BUILT_PRODUCTS_DIR)/Task.app/Task";
			};
			name = Debug;
		};
		6BB3ACF51F06365400418907 /* Release */ = {
			isa = XCBuildConfiguration;
			buildSettings = {
				ALWAYS_EMBED_SWIFT_STANDARD_LIBRARIES = YES;
				BUNDLE_LOADER = "$(TEST_HOST)";
				INFOPLIST_FILE = TaskTests/Info.plist;
				LD_RUNPATH_SEARCH_PATHS = "$(inherited) @executable_path/Frameworks @loader_path/Frameworks";
				PRODUCT_BUNDLE_IDENTIFIER = mobileFirst.TaskTests;
				PRODUCT_NAME = "$(TARGET_NAME)";
				SWIFT_VERSION = 3.0;
				TEST_HOST = "$(BUILT_PRODUCTS_DIR)/Task.app/Task";
			};
			name = Release;
		};
/* End XCBuildConfiguration section */

/* Begin XCConfigurationList section */
		6BB3ACCE1F06365400418907 /* Build configuration list for PBXProject "Task" */ = {
			isa = XCConfigurationList;
			buildConfigurations = (
				6BB3ACEE1F06365400418907 /* Debug */,
				6BB3ACEF1F06365400418907 /* Release */,
			);
			defaultConfigurationIsVisible = 0;
			defaultConfigurationName = Release;
		};
		6BB3ACF01F06365400418907 /* Build configuration list for PBXNativeTarget "Task" */ = {
			isa = XCConfigurationList;
			buildConfigurations = (
				6BB3ACF11F06365400418907 /* Debug */,
				6BB3ACF21F06365400418907 /* Release */,
			);
			defaultConfigurationIsVisible = 0;
		};
		6BB3ACF31F06365400418907 /* Build configuration list for PBXNativeTarget "TaskTests" */ = {
			isa = XCConfigurationList;
			buildConfigurations = (
				6BB3ACF41F06365400418907 /* Debug */,
				6BB3ACF51F06365400418907 /* Release */,
			);
			defaultConfigurationIsVisible = 0;
		};
/* End XCConfigurationList section */
	};
	rootObject = 6BB3ACCB1F06365400418907 /* Project object */;
}
